// !$*UTF8*$!
{
	archiveVersion = 1;
	classes = {
	};
	objectVersion = 55;
	objects = {

/* Begin PBXBuildFile section */
		F6A5A4E72952132400B5BF1E /* QiitaItemDetail.swift in Sources */ = {isa = PBXBuildFile; fileRef = F6A5A4E62952132400B5BF1E /* QiitaItemDetail.swift */; };
		F6A5A4EA295216E500B5BF1E /* SwiftyMarkdown in Frameworks */ = {isa = PBXBuildFile; productRef = F6A5A4E9295216E500B5BF1E /* SwiftyMarkdown */; };
		F6D5214C294B575D00C825DE /* QiinnReaderApp.swift in Sources */ = {isa = PBXBuildFile; fileRef = F6D5214B294B575D00C825DE /* QiinnReaderApp.swift */; };
		F6D5214E294B575D00C825DE /* ContentView.swift in Sources */ = {isa = PBXBuildFile; fileRef = F6D5214D294B575D00C825DE /* ContentView.swift */; };
		F6D52150294B576300C825DE /* Assets.xcassets in Resources */ = {isa = PBXBuildFile; fileRef = F6D5214F294B576300C825DE /* Assets.xcassets */; };
		F6D52153294B576300C825DE /* Preview Assets.xcassets in Resources */ = {isa = PBXBuildFile; fileRef = F6D52152294B576300C825DE /* Preview Assets.xcassets */; };
		F6D521C2294EE26E00C825DE /* QiitaModel.swift in Sources */ = {isa = PBXBuildFile; fileRef = F6D521C1294EE26E00C825DE /* QiitaModel.swift */; };
		F6D521C4294EE2CE00C825DE /* QiitaItemsRepository.swift in Sources */ = {isa = PBXBuildFile; fileRef = F6D521C3294EE2CE00C825DE /* QiitaItemsRepository.swift */; };
		F6D521C6294EE3CD00C825DE /* Error.swift in Sources */ = {isa = PBXBuildFile; fileRef = F6D521C5294EE3CD00C825DE /* Error.swift */; };
		F6D521C8294EE51600C825DE /* QiitaItemsViewModel.swift in Sources */ = {isa = PBXBuildFile; fileRef = F6D521C7294EE51600C825DE /* QiitaItemsViewModel.swift */; };
		F6D521CA294EE6C800C825DE /* ItemsView.swift in Sources */ = {isa = PBXBuildFile; fileRef = F6D521C9294EE6C800C825DE /* ItemsView.swift */; };
		F6D521CE294F25FA00C825DE /* IndicatorControl.swift in Sources */ = {isa = PBXBuildFile; fileRef = F6D521CD294F25FA00C825DE /* IndicatorControl.swift */; };
		F6D521D5294F394D00C825DE /* QiitaItemListCard.swift in Sources */ = {isa = PBXBuildFile; fileRef = F6D521D4294F394D00C825DE /* QiitaItemListCard.swift */; };
		F6D521D7294F3A4E00C825DE /* Examples.swift in Sources */ = {isa = PBXBuildFile; fileRef = F6D521D6294F3A4E00C825DE /* Examples.swift */; };
		F6D521D9294F4E4F00C825DE /* CustomDateFormatter.swift in Sources */ = {isa = PBXBuildFile; fileRef = F6D521D8294F4E4F00C825DE /* CustomDateFormatter.swift */; };
/* End PBXBuildFile section */

/* Begin PBXFileReference section */
		F6A5A4E62952132400B5BF1E /* QiitaItemDetail.swift */ = {isa = PBXFileReference; lastKnownFileType = sourcecode.swift; path = QiitaItemDetail.swift; sourceTree = "<group>"; };
		F6D52148294B575D00C825DE /* QiinnReader.app */ = {isa = PBXFileReference; explicitFileType = wrapper.application; includeInIndex = 0; path = QiinnReader.app; sourceTree = BUILT_PRODUCTS_DIR; };
		F6D5214B294B575D00C825DE /* QiinnReaderApp.swift */ = {isa = PBXFileReference; lastKnownFileType = sourcecode.swift; path = QiinnReaderApp.swift; sourceTree = "<group>"; };
		F6D5214D294B575D00C825DE /* ContentView.swift */ = {isa = PBXFileReference; lastKnownFileType = sourcecode.swift; path = ContentView.swift; sourceTree = "<group>"; };
		F6D5214F294B576300C825DE /* Assets.xcassets */ = {isa = PBXFileReference; lastKnownFileType = folder.assetcatalog; path = Assets.xcassets; sourceTree = "<group>"; };
		F6D52152294B576300C825DE /* Preview Assets.xcassets */ = {isa = PBXFileReference; lastKnownFileType = folder.assetcatalog; path = "Preview Assets.xcassets"; sourceTree = "<group>"; };
		F6D521C1294EE26E00C825DE /* QiitaModel.swift */ = {isa = PBXFileReference; lastKnownFileType = sourcecode.swift; path = QiitaModel.swift; sourceTree = "<group>"; };
		F6D521C3294EE2CE00C825DE /* QiitaItemsRepository.swift */ = {isa = PBXFileReference; lastKnownFileType = sourcecode.swift; path = QiitaItemsRepository.swift; sourceTree = "<group>"; };
		F6D521C5294EE3CD00C825DE /* Error.swift */ = {isa = PBXFileReference; lastKnownFileType = sourcecode.swift; path = Error.swift; sourceTree = "<group>"; };
		F6D521C7294EE51600C825DE /* QiitaItemsViewModel.swift */ = {isa = PBXFileReference; lastKnownFileType = sourcecode.swift; path = QiitaItemsViewModel.swift; sourceTree = "<group>"; };
		F6D521C9294EE6C800C825DE /* ItemsView.swift */ = {isa = PBXFileReference; lastKnownFileType = sourcecode.swift; path = ItemsView.swift; sourceTree = "<group>"; };
		F6D521CD294F25FA00C825DE /* IndicatorControl.swift */ = {isa = PBXFileReference; lastKnownFileType = sourcecode.swift; path = IndicatorControl.swift; sourceTree = "<group>"; };
		F6D521D4294F394D00C825DE /* QiitaItemListCard.swift */ = {isa = PBXFileReference; lastKnownFileType = sourcecode.swift; path = QiitaItemListCard.swift; sourceTree = "<group>"; };
		F6D521D6294F3A4E00C825DE /* Examples.swift */ = {isa = PBXFileReference; lastKnownFileType = sourcecode.swift; path = Examples.swift; sourceTree = "<group>"; };
		F6D521D8294F4E4F00C825DE /* CustomDateFormatter.swift */ = {isa = PBXFileReference; lastKnownFileType = sourcecode.swift; path = CustomDateFormatter.swift; sourceTree = "<group>"; };
/* End PBXFileReference section */

/* Begin PBXFrameworksBuildPhase section */
		F6D52145294B575D00C825DE /* Frameworks */ = {
			isa = PBXFrameworksBuildPhase;
			buildActionMask = 2147483647;
			files = (
				F6A5A4EA295216E500B5BF1E /* SwiftyMarkdown in Frameworks */,
			);
			runOnlyForDeploymentPostprocessing = 0;
		};
/* End PBXFrameworksBuildPhase section */

/* Begin PBXGroup section */
		F6D5213F294B575D00C825DE = {
			isa = PBXGroup;
			children = (
				F6D5214A294B575D00C825DE /* QiinnReader */,
				F6D52149294B575D00C825DE /* Products */,
			);
			sourceTree = "<group>";
		};
		F6D52149294B575D00C825DE /* Products */ = {
			isa = PBXGroup;
			children = (
				F6D52148294B575D00C825DE /* QiinnReader.app */,
			);
			name = Products;
			sourceTree = "<group>";
		};
		F6D5214A294B575D00C825DE /* QiinnReader */ = {
			isa = PBXGroup;
			children = (
				F6D521CC294F25D800C825DE /* Util */,
				F6D521C0294EE22600C825DE /* Model */,
				F6D521BF294EE1FA00C825DE /* Repository */,
				F6D521CB294F240E00C825DE /* UI */,
				F6D521BE294EE1E100C825DE /* ViewModel */,
				F6D5214B294B575D00C825DE /* QiinnReaderApp.swift */,
				F6D5214D294B575D00C825DE /* ContentView.swift */,
				F6D5214F294B576300C825DE /* Assets.xcassets */,
				F6D52151294B576300C825DE /* Preview Content */,
			);
			path = QiinnReader;
			sourceTree = "<group>";
		};
		F6D52151294B576300C825DE /* Preview Content */ = {
			isa = PBXGroup;
			children = (
				F6D52152294B576300C825DE /* Preview Assets.xcassets */,
			);
			path = "Preview Content";
			sourceTree = "<group>";
		};
		F6D521BD294EE1C700C825DE /* Pages */ = {
			isa = PBXGroup;
			children = (
				F6D521C9294EE6C800C825DE /* ItemsView.swift */,
			);
			path = Pages;
			sourceTree = "<group>";
		};
		F6D521BE294EE1E100C825DE /* ViewModel */ = {
			isa = PBXGroup;
			children = (
				F6D521C7294EE51600C825DE /* QiitaItemsViewModel.swift */,
			);
			path = ViewModel;
			sourceTree = "<group>";
		};
		F6D521BF294EE1FA00C825DE /* Repository */ = {
			isa = PBXGroup;
			children = (
				F6D521C3294EE2CE00C825DE /* QiitaItemsRepository.swift */,
			);
			path = Repository;
			sourceTree = "<group>";
		};
		F6D521C0294EE22600C825DE /* Model */ = {
			isa = PBXGroup;
			children = (
				F6D521C1294EE26E00C825DE /* QiitaModel.swift */,
				F6D521C5294EE3CD00C825DE /* Error.swift */,
				F6D521D6294F3A4E00C825DE /* Examples.swift */,
			);
			path = Model;
			sourceTree = "<group>";
		};
		F6D521CB294F240E00C825DE /* UI */ = {
			isa = PBXGroup;
			children = (
				F6D521CF294F277900C825DE /* Components */,
				F6D521D2294F391100C825DE /* Domain */,
				F6D521BD294EE1C700C825DE /* Pages */,
			);
			path = UI;
			sourceTree = "<group>";
		};
		F6D521CC294F25D800C825DE /* Util */ = {
			isa = PBXGroup;
			children = (
				F6D521CD294F25FA00C825DE /* IndicatorControl.swift */,
				F6D521D8294F4E4F00C825DE /* CustomDateFormatter.swift */,
			);
			path = Util;
			sourceTree = "<group>";
		};
		F6D521CF294F277900C825DE /* Components */ = {
			isa = PBXGroup;
			children = (
			);
			path = Components;
			sourceTree = "<group>";
		};
		F6D521D2294F391100C825DE /* Domain */ = {
			isa = PBXGroup;
			children = (
				F6D521D3294F392200C825DE /* Qiita */,
			);
			path = Domain;
			sourceTree = "<group>";
		};
		F6D521D3294F392200C825DE /* Qiita */ = {
			isa = PBXGroup;
			children = (
				F6D521D4294F394D00C825DE /* QiitaItemListCard.swift */,
				F6A5A4E62952132400B5BF1E /* QiitaItemDetail.swift */,
			);
			path = Qiita;
			sourceTree = "<group>";
		};
/* End PBXGroup section */

/* Begin PBXNativeTarget section */
		F6D52147294B575D00C825DE /* QiinnReader */ = {
			isa = PBXNativeTarget;
			buildConfigurationList = F6D52156294B576300C825DE /* Build configuration list for PBXNativeTarget "QiinnReader" */;
			buildPhases = (
				F6D52144294B575D00C825DE /* Sources */,
				F6D52145294B575D00C825DE /* Frameworks */,
				F6D52146294B575D00C825DE /* Resources */,
			);
			buildRules = (
			);
			dependencies = (
			);
			name = QiinnReader;
			packageProductDependencies = (
				F6A5A4E9295216E500B5BF1E /* SwiftyMarkdown */,
			);
			productName = QiinnReader;
			productReference = F6D52148294B575D00C825DE /* QiinnReader.app */;
			productType = "com.apple.product-type.application";
		};
/* End PBXNativeTarget section */

/* Begin PBXProject section */
		F6D52140294B575D00C825DE /* Project object */ = {
			isa = PBXProject;
			attributes = {
				BuildIndependentTargetsInParallel = 1;
				LastSwiftUpdateCheck = 1340;
				LastUpgradeCheck = 1340;
				TargetAttributes = {
					F6D52147294B575D00C825DE = {
						CreatedOnToolsVersion = 13.4.1;
					};
				};
			};
			buildConfigurationList = F6D52143294B575D00C825DE /* Build configuration list for PBXProject "QiinnReader" */;
			compatibilityVersion = "Xcode 13.0";
			developmentRegion = en;
			hasScannedForEncodings = 0;
			knownRegions = (
				en,
				Base,
			);
			mainGroup = F6D5213F294B575D00C825DE;
			packageReferences = (
				F6A5A4E8295216E500B5BF1E /* XCRemoteSwiftPackageReference "SwiftyMarkdown" */,
			);
			productRefGroup = F6D52149294B575D00C825DE /* Products */;
			projectDirPath = "";
			projectRoot = "";
			targets = (
				F6D52147294B575D00C825DE /* QiinnReader */,
			);
		};
/* End PBXProject section */

/* Begin PBXResourcesBuildPhase section */
		F6D52146294B575D00C825DE /* Resources */ = {
			isa = PBXResourcesBuildPhase;
			buildActionMask = 2147483647;
			files = (
				F6D52153294B576300C825DE /* Preview Assets.xcassets in Resources */,
				F6D52150294B576300C825DE /* Assets.xcassets in Resources */,
			);
			runOnlyForDeploymentPostprocessing = 0;
		};
/* End PBXResourcesBuildPhase section */

/* Begin PBXSourcesBuildPhase section */
		F6D52144294B575D00C825DE /* Sources */ = {
			isa = PBXSourcesBuildPhase;
			buildActionMask = 2147483647;
			files = (
				F6D521CA294EE6C800C825DE /* ItemsView.swift in Sources */,
				F6D521C2294EE26E00C825DE /* QiitaModel.swift in Sources */,
				F6A5A4E72952132400B5BF1E /* QiitaItemDetail.swift in Sources */,
				F6D521C8294EE51600C825DE /* QiitaItemsViewModel.swift in Sources */,
				F6D521C4294EE2CE00C825DE /* QiitaItemsRepository.swift in Sources */,
				F6D5214E294B575D00C825DE /* ContentView.swift in Sources */,
				F6D521D5294F394D00C825DE /* QiitaItemListCard.swift in Sources */,
				F6D521C6294EE3CD00C825DE /* Error.swift in Sources */,
				F6D5214C294B575D00C825DE /* QiinnReaderApp.swift in Sources */,
				F6D521D7294F3A4E00C825DE /* Examples.swift in Sources */,
				F6D521D9294F4E4F00C825DE /* CustomDateFormatter.swift in Sources */,
				F6D521CE294F25FA00C825DE /* IndicatorControl.swift in Sources */,
			);
			runOnlyForDeploymentPostprocessing = 0;
		};
/* End PBXSourcesBuildPhase section */

/* Begin XCBuildConfiguration section */
		F6D52154294B576300C825DE /* Debug */ = {
			isa = XCBuildConfiguration;
			buildSettings = {
				ALWAYS_SEARCH_USER_PATHS = NO;
				CLANG_ANALYZER_NONNULL = YES;
				CLANG_ANALYZER_NUMBER_OBJECT_CONVERSION = YES_AGGRESSIVE;
				CLANG_CXX_LANGUAGE_STANDARD = "gnu++17";
				CLANG_ENABLE_MODULES = YES;
				CLANG_ENABLE_OBJC_ARC = YES;
				CLANG_ENABLE_OBJC_WEAK = YES;
				CLANG_WARN_BLOCK_CAPTURE_AUTORELEASING = YES;
				CLANG_WARN_BOOL_CONVERSION = YES;
				CLANG_WARN_COMMA = YES;
				CLANG_WARN_CONSTANT_CONVERSION = YES;
				CLANG_WARN_DEPRECATED_OBJC_IMPLEMENTATIONS = YES;
				CLANG_WARN_DIRECT_OBJC_ISA_USAGE = YES_ERROR;
				CLANG_WARN_DOCUMENTATION_COMMENTS = YES;
				CLANG_WARN_EMPTY_BODY = YES;
				CLANG_WARN_ENUM_CONVERSION = YES;
				CLANG_WARN_INFINITE_RECURSION = YES;
				CLANG_WARN_INT_CONVERSION = YES;
				CLANG_WARN_NON_LITERAL_NULL_CONVERSION = YES;
				CLANG_WARN_OBJC_IMPLICIT_RETAIN_SELF = YES;
				CLANG_WARN_OBJC_LITERAL_CONVERSION = YES;
				CLANG_WARN_OBJC_ROOT_CLASS = YES_ERROR;
				CLANG_WARN_QUOTED_INCLUDE_IN_FRAMEWORK_HEADER = YES;
				CLANG_WARN_RANGE_LOOP_ANALYSIS = YES;
				CLANG_WARN_STRICT_PROTOTYPES = YES;
				CLANG_WARN_SUSPICIOUS_MOVE = YES;
				CLANG_WARN_UNGUARDED_AVAILABILITY = YES_AGGRESSIVE;
				CLANG_WARN_UNREACHABLE_CODE = YES;
				CLANG_WARN__DUPLICATE_METHOD_MATCH = YES;
				COPY_PHASE_STRIP = NO;
				DEBUG_INFORMATION_FORMAT = dwarf;
				ENABLE_STRICT_OBJC_MSGSEND = YES;
				ENABLE_TESTABILITY = YES;
				GCC_C_LANGUAGE_STANDARD = gnu11;
				GCC_DYNAMIC_NO_PIC = NO;
				GCC_NO_COMMON_BLOCKS = YES;
				GCC_OPTIMIZATION_LEVEL = 0;
				GCC_PREPROCESSOR_DEFINITIONS = (
					"DEBUG=1",
					"$(inherited)",
				);
				GCC_WARN_64_TO_32_BIT_CONVERSION = YES;
				GCC_WARN_ABOUT_RETURN_TYPE = YES_ERROR;
				GCC_WARN_UNDECLARED_SELECTOR = YES;
				GCC_WARN_UNINITIALIZED_AUTOS = YES_AGGRESSIVE;
				GCC_WARN_UNUSED_FUNCTION = YES;
				GCC_WARN_UNUSED_VARIABLE = YES;
				IPHONEOS_DEPLOYMENT_TARGET = 15.0;
				MTL_ENABLE_DEBUG_INFO = INCLUDE_SOURCE;
				MTL_FAST_MATH = YES;
				ONLY_ACTIVE_ARCH = YES;
				SDKROOT = iphoneos;
				SWIFT_ACTIVE_COMPILATION_CONDITIONS = DEBUG;
				SWIFT_OPTIMIZATION_LEVEL = "-Onone";
			};
			name = Debug;
		};
		F6D52155294B576300C825DE /* Release */ = {
			isa = XCBuildConfiguration;
			buildSettings = {
				ALWAYS_SEARCH_USER_PATHS = NO;
				CLANG_ANALYZER_NONNULL = YES;
				CLANG_ANALYZER_NUMBER_OBJECT_CONVERSION = YES_AGGRESSIVE;
				CLANG_CXX_LANGUAGE_STANDARD = "gnu++17";
				CLANG_ENABLE_MODULES = YES;
				CLANG_ENABLE_OBJC_ARC = YES;
				CLANG_ENABLE_OBJC_WEAK = YES;
				CLANG_WARN_BLOCK_CAPTURE_AUTORELEASING = YES;
				CLANG_WARN_BOOL_CONVERSION = YES;
				CLANG_WARN_COMMA = YES;
				CLANG_WARN_CONSTANT_CONVERSION = YES;
				CLANG_WARN_DEPRECATED_OBJC_IMPLEMENTATIONS = YES;
				CLANG_WARN_DIRECT_OBJC_ISA_USAGE = YES_ERROR;
				CLANG_WARN_DOCUMENTATION_COMMENTS = YES;
				CLANG_WARN_EMPTY_BODY = YES;
				CLANG_WARN_ENUM_CONVERSION = YES;
				CLANG_WARN_INFINITE_RECURSION = YES;
				CLANG_WARN_INT_CONVERSION = YES;
				CLANG_WARN_NON_LITERAL_NULL_CONVERSION = YES;
				CLANG_WARN_OBJC_IMPLICIT_RETAIN_SELF = YES;
				CLANG_WARN_OBJC_LITERAL_CONVERSION = YES;
				CLANG_WARN_OBJC_ROOT_CLASS = YES_ERROR;
				CLANG_WARN_QUOTED_INCLUDE_IN_FRAMEWORK_HEADER = YES;
				CLANG_WARN_RANGE_LOOP_ANALYSIS = YES;
				CLANG_WARN_STRICT_PROTOTYPES = YES;
				CLANG_WARN_SUSPICIOUS_MOVE = YES;
				CLANG_WARN_UNGUARDED_AVAILABILITY = YES_AGGRESSIVE;
				CLANG_WARN_UNREACHABLE_CODE = YES;
				CLANG_WARN__DUPLICATE_METHOD_MATCH = YES;
				COPY_PHASE_STRIP = NO;
				DEBUG_INFORMATION_FORMAT = "dwarf-with-dsym";
				ENABLE_NS_ASSERTIONS = NO;
				ENABLE_STRICT_OBJC_MSGSEND = YES;
				GCC_C_LANGUAGE_STANDARD = gnu11;
				GCC_NO_COMMON_BLOCKS = YES;
				GCC_WARN_64_TO_32_BIT_CONVERSION = YES;
				GCC_WARN_ABOUT_RETURN_TYPE = YES_ERROR;
				GCC_WARN_UNDECLARED_SELECTOR = YES;
				GCC_WARN_UNINITIALIZED_AUTOS = YES_AGGRESSIVE;
				GCC_WARN_UNUSED_FUNCTION = YES;
				GCC_WARN_UNUSED_VARIABLE = YES;
				IPHONEOS_DEPLOYMENT_TARGET = 15.0;
				MTL_ENABLE_DEBUG_INFO = NO;
				MTL_FAST_MATH = YES;
				SDKROOT = iphoneos;
				SWIFT_COMPILATION_MODE = wholemodule;
				SWIFT_OPTIMIZATION_LEVEL = "-O";
				VALIDATE_PRODUCT = YES;
			};
			name = Release;
		};
		F6D52157294B576300C825DE /* Debug */ = {
			isa = XCBuildConfiguration;
			buildSettings = {
				ASSETCATALOG_COMPILER_APPICON_NAME = AppIcon;
				ASSETCATALOG_COMPILER_GLOBAL_ACCENT_COLOR_NAME = AccentColor;
				CODE_SIGN_STYLE = Automatic;
				CURRENT_PROJECT_VERSION = 1;
				DEVELOPMENT_ASSET_PATHS = "\"QiinnReader/Preview Content\"";
				DEVELOPMENT_TEAM = TGL6238454;
				ENABLE_PREVIEWS = YES;
				GENERATE_INFOPLIST_FILE = YES;
				INFOPLIST_KEY_UIApplicationSceneManifest_Generation = YES;
				INFOPLIST_KEY_UIApplicationSupportsIndirectInputEvents = YES;
				INFOPLIST_KEY_UILaunchScreen_Generation = YES;
				INFOPLIST_KEY_UISupportedInterfaceOrientations_iPad = "UIInterfaceOrientationPortrait UIInterfaceOrientationPortraitUpsideDown UIInterfaceOrientationLandscapeLeft UIInterfaceOrientationLandscapeRight";
				INFOPLIST_KEY_UISupportedInterfaceOrientations_iPhone = "UIInterfaceOrientationPortrait UIInterfaceOrientationLandscapeLeft UIInterfaceOrientationLandscapeRight";
				LD_RUNPATH_SEARCH_PATHS = (
					"$(inherited)",
					"@executable_path/Frameworks",
				);
				MARKETING_VERSION = 1.0;
				PRODUCT_BUNDLE_IDENTIFIER = yuya.yoshioka.QiinnReader;
				PRODUCT_NAME = "$(TARGET_NAME)";
				SWIFT_EMIT_LOC_STRINGS = YES;
				SWIFT_VERSION = 5.0;
				TARGETED_DEVICE_FAMILY = "1,2";
			};
			name = Debug;
		};
		F6D52158294B576300C825DE /* Release */ = {
			isa = XCBuildConfiguration;
			buildSettings = {
				ASSETCATALOG_COMPILER_APPICON_NAME = AppIcon;
				ASSETCATALOG_COMPILER_GLOBAL_ACCENT_COLOR_NAME = AccentColor;
				CODE_SIGN_STYLE = Automatic;
				CURRENT_PROJECT_VERSION = 1;
				DEVELOPMENT_ASSET_PATHS = "\"QiinnReader/Preview Content\"";
				DEVELOPMENT_TEAM = TGL6238454;
				ENABLE_PREVIEWS = YES;
				GENERATE_INFOPLIST_FILE = YES;
				INFOPLIST_KEY_UIApplicationSceneManifest_Generation = YES;
				INFOPLIST_KEY_UIApplicationSupportsIndirectInputEvents = YES;
				INFOPLIST_KEY_UILaunchScreen_Generation = YES;
				INFOPLIST_KEY_UISupportedInterfaceOrientations_iPad = "UIInterfaceOrientationPortrait UIInterfaceOrientationPortraitUpsideDown UIInterfaceOrientationLandscapeLeft UIInterfaceOrientationLandscapeRight";
				INFOPLIST_KEY_UISupportedInterfaceOrientations_iPhone = "UIInterfaceOrientationPortrait UIInterfaceOrientationLandscapeLeft UIInterfaceOrientationLandscapeRight";
				LD_RUNPATH_SEARCH_PATHS = (
					"$(inherited)",
					"@executable_path/Frameworks",
				);
				MARKETING_VERSION = 1.0;
				PRODUCT_BUNDLE_IDENTIFIER = yuya.yoshioka.QiinnReader;
				PRODUCT_NAME = "$(TARGET_NAME)";
				SWIFT_EMIT_LOC_STRINGS = YES;
				SWIFT_VERSION = 5.0;
				TARGETED_DEVICE_FAMILY = "1,2";
			};
			name = Release;
		};
/* End XCBuildConfiguration section */

/* Begin XCConfigurationList section */
		F6D52143294B575D00C825DE /* Build configuration list for PBXProject "QiinnReader" */ = {
			isa = XCConfigurationList;
			buildConfigurations = (
				F6D52154294B576300C825DE /* Debug */,
				F6D52155294B576300C825DE /* Release */,
			);
			defaultConfigurationIsVisible = 0;
			defaultConfigurationName = Release;
		};
		F6D52156294B576300C825DE /* Build configuration list for PBXNativeTarget "QiinnReader" */ = {
			isa = XCConfigurationList;
			buildConfigurations = (
				F6D52157294B576300C825DE /* Debug */,
				F6D52158294B576300C825DE /* Release */,
			);
			defaultConfigurationIsVisible = 0;
			defaultConfigurationName = Release;
		};
/* End XCConfigurationList section */

/* Begin XCRemoteSwiftPackageReference section */
		F6A5A4E8295216E500B5BF1E /* XCRemoteSwiftPackageReference "SwiftyMarkdown" */ = {
			isa = XCRemoteSwiftPackageReference;
			repositoryURL = "https://github.com/SimonFairbairn/SwiftyMarkdown";
			requirement = {
				kind = exactVersion;
				version = 1.2.4;
			};
		};
/* End XCRemoteSwiftPackageReference section */

/* Begin XCSwiftPackageProductDependency section */
		F6A5A4E9295216E500B5BF1E /* SwiftyMarkdown */ = {
			isa = XCSwiftPackageProductDependency;
			package = F6A5A4E8295216E500B5BF1E /* XCRemoteSwiftPackageReference "SwiftyMarkdown" */;
			productName = SwiftyMarkdown;
		};
/* End XCSwiftPackageProductDependency section */
	};
	rootObject = F6D52140294B575D00C825DE /* Project object */;
}
